
Microsoft Visual Studio Solution File, Format Version 12.00
# Visual Studio 15
VisualStudioVersion = 15.0.27428.2027
MinimumVisualStudioVersion = 10.0.40219.1
Project("{9A19103F-16F7-4668-BE54-9A1E7A4F7556}") = "Mpgp.IntegrationTests", "Mpgp.IntegrationTests\Mpgp.IntegrationTests.csproj", "{27B83722-048D-413A-9B7B-A79A8F20D721}"
EndProject
Project("{9A19103F-16F7-4668-BE54-9A1E7A4F7556}") = "Mpgp.UnitTests", "Mpgp.UnitTests\Mpgp.UnitTests.csproj", "{56287D96-AFAC-479B-8C1B-0A4A542F98ED}"
EndProject
Project("{2150E333-8FDC-42A3-9474-1A3956D46DE8}") = "Tests", "Tests", "{8A81D7A4-E0A4-4E0A-AB47-2F94F5AF6825}"
EndProject
Project("{2150E333-8FDC-42A3-9474-1A3956D46DE8}") = "Src", "Src", "{C4CBFC99-FCBC-4BCA-A8EE-015FA0693B1D}"
EndProject
Project("{9A19103F-16F7-4668-BE54-9A1E7A4F7556}") = "Mpgp.Abstract", "..\src\Mpgp.Abstract\Mpgp.Abstract.csproj", "{57BCD470-4F29-4464-A78E-E0E7F8498C42}"
EndProject
Project("{9A19103F-16F7-4668-BE54-9A1E7A4F7556}") = "Mpgp.DataAccess", "..\src\Mpgp.DataAccess\Mpgp.DataAccess.csproj", "{AE57F2DD-1188-436D-BE19-29C7B15C73E7}"
EndProject
Project("{9A19103F-16F7-4668-BE54-9A1E7A4F7556}") = "Mpgp.Domain", "..\src\Mpgp.Domain\Mpgp.Domain.csproj", "{D0AF5399-298B-4C53-8834-91A6F20E7619}"
EndProject
Project("{9A19103F-16F7-4668-BE54-9A1E7A4F7556}") = "Mpgp.Infrastructure", "..\src\Mpgp.Infrastructure\Mpgp.Infrastructure.csproj", "{1D5C9A83-B455-4631-974B-CE9FE2DFF243}"
EndProject
Project("{9A19103F-16F7-4668-BE54-9A1E7A4F7556}") = "Mpgp.RestApiServer", "..\src\Mpgp.RestApiServer\Mpgp.RestApiServer.csproj", "{C040466E-5CBF-406D-9739-985F247AA4EF}"
EndProject
Project("{9A19103F-16F7-4668-BE54-9A1E7A4F7556}") = "Mpgp.Services", "..\src\Mpgp.Services\Mpgp.Services.csproj", "{DAFBA4B2-486D-4650-8639-051684F6EAB3}"
EndProject
Project("{9A19103F-16F7-4668-BE54-9A1E7A4F7556}") = "Mpgp.Shared", "..\src\Mpgp.Shared\Mpgp.Shared.csproj", "{1DA759E0-D551-4A64-941A-43989C324324}"
EndProject
Project("{9A19103F-16F7-4668-BE54-9A1E7A4F7556}") = "Mpgp.WebSocketServer", "..\src\Mpgp.WebSocketServer\Mpgp.WebSocketServer.csproj", "{6FE23802-456E-4CDB-9EAB-B511382DA6DA}"
EndProject
Global
	GlobalSection(SolutionConfigurationPlatforms) = preSolution
		Debug|Any CPU = Debug|Any CPU
		Release|Any CPU = Release|Any CPU
	EndGlobalSection
	GlobalSection(ProjectConfigurationPlatforms) = postSolution
		{27B83722-048D-413A-9B7B-A79A8F20D721}.Debug|Any CPU.ActiveCfg = Debug|Any CPU
		{27B83722-048D-413A-9B7B-A79A8F20D721}.Debug|Any CPU.Build.0 = Debug|Any CPU
		{27B83722-048D-413A-9B7B-A79A8F20D721}.Release|Any CPU.ActiveCfg = Release|Any CPU
		{27B83722-048D-413A-9B7B-A79A8F20D721}.Release|Any CPU.Build.0 = Release|Any CPU
		{56287D96-AFAC-479B-8C1B-0A4A542F98ED}.Debug|Any CPU.ActiveCfg = Debug|Any CPU
		{56287D96-AFAC-479B-8C1B-0A4A542F98ED}.Debug|Any CPU.Build.0 = Debug|Any CPU
		{56287D96-AFAC-479B-8C1B-0A4A542F98ED}.Release|Any CPU.ActiveCfg = Release|Any CPU
		{56287D96-AFAC-479B-8C1B-0A4A542F98ED}.Release|Any CPU.Build.0 = Release|Any CPU
		{57BCD470-4F29-4464-A78E-E0E7F8498C42}.Debug|Any CPU.ActiveCfg = Debug|Any CPU
		{57BCD470-4F29-4464-A78E-E0E7F8498C42}.Debug|Any CPU.Build.0 = Debug|Any CPU
		{57BCD470-4F29-4464-A78E-E0E7F8498C42}.Release|Any CPU.ActiveCfg = Release|Any CPU
		{57BCD470-4F29-4464-A78E-E0E7F8498C42}.Release|Any CPU.Build.0 = Release|Any CPU
		{AE57F2DD-1188-436D-BE19-29C7B15C73E7}.Debug|Any CPU.ActiveCfg = Debug|Any CPU
		{AE57F2DD-1188-436D-BE19-29C7B15C73E7}.Debug|Any CPU.Build.0 = Debug|Any CPU
		{AE57F2DD-1188-436D-BE19-29C7B15C73E7}.Release|Any CPU.ActiveCfg = Release|Any CPU
		{AE57F2DD-1188-436D-BE19-29C7B15C73E7}.Release|Any CPU.Build.0 = Release|Any CPU
		{D0AF5399-298B-4C53-8834-91A6F20E7619}.Debug|Any CPU.ActiveCfg = Debug|Any CPU
		{D0AF5399-298B-4C53-8834-91A6F20E7619}.Debug|Any CPU.Build.0 = Debug|Any CPU
		{D0AF5399-298B-4C53-8834-91A6F20E7619}.Release|Any CPU.ActiveCfg = Release|Any CPU
		{D0AF5399-298B-4C53-8834-91A6F20E7619}.Release|Any CPU.Build.0 = Release|Any CPU
		{1D5C9A83-B455-4631-974B-CE9FE2DFF243}.Debug|Any CPU.ActiveCfg = Debug|Any CPU
		{1D5C9A83-B455-4631-974B-CE9FE2DFF243}.Debug|Any CPU.Build.0 = Debug|Any CPU
		{1D5C9A83-B455-4631-974B-CE9FE2DFF243}.Release|Any CPU.ActiveCfg = Release|Any CPU
		{1D5C9A83-B455-4631-974B-CE9FE2DFF243}.Release|Any CPU.Build.0 = Release|Any CPU
		{C040466E-5CBF-406D-9739-985F247AA4EF}.Debug|Any CPU.ActiveCfg = Debug|Any CPU
		{C040466E-5CBF-406D-9739-985F247AA4EF}.Debug|Any CPU.Build.0 = Debug|Any CPU
		{C040466E-5CBF-406D-9739-985F247AA4EF}.Release|Any CPU.ActiveCfg = Release|Any CPU
		{C040466E-5CBF-406D-9739-985F247AA4EF}.Release|Any CPU.Build.0 = Release|Any CPU
		{DAFBA4B2-486D-4650-8639-051684F6EAB3}.Debug|Any CPU.ActiveCfg = Debug|Any CPU
		{DAFBA4B2-486D-4650-8639-051684F6EAB3}.Debug|Any CPU.Build.0 = Debug|Any CPU
		{DAFBA4B2-486D-4650-8639-051684F6EAB3}.Release|Any CPU.ActiveCfg = Release|Any CPU
		{DAFBA4B2-486D-4650-8639-051684F6EAB3}.Release|Any CPU.Build.0 = Release|Any CPU
		{1DA759E0-D551-4A64-941A-43989C324324}.Debug|Any CPU.ActiveCfg = Debug|Any CPU
		{1DA759E0-D551-4A64-941A-43989C324324}.Debug|Any CPU.Build.0 = Debug|Any CPU
		{1DA759E0-D551-4A64-941A-43989C324324}.Release|Any CPU.ActiveCfg = Release|Any CPU
		{1DA759E0-D551-4A64-941A-43989C324324}.Release|Any CPU.Build.0 = Release|Any CPU
		{6FE23802-456E-4CDB-9EAB-B511382DA6DA}.Debug|Any CPU.ActiveCfg = Debug|Any CPU
		{6FE23802-456E-4CDB-9EAB-B511382DA6DA}.Debug|Any CPU.Build.0 = Debug|Any CPU
		{6FE23802-456E-4CDB-9EAB-B511382DA6DA}.Release|Any CPU.ActiveCfg = Release|Any CPU
		{6FE23802-456E-4CDB-9EAB-B511382DA6DA}.Release|Any CPU.Build.0 = Release|Any CPU
	EndGlobalSection
	GlobalSection(SolutionProperties) = preSolution
		HideSolutionNode = FALSE
	EndGlobalSection
	GlobalSection(NestedProjects) = preSolution
		{27B83722-048D-413A-9B7B-A79A8F20D721} = {8A81D7A4-E0A4-4E0A-AB47-2F94F5AF6825}
		{56287D96-AFAC-479B-8C1B-0A4A542F98ED} = {8A81D7A4-E0A4-4E0A-AB47-2F94F5AF6825}
		{57BCD470-4F29-4464-A78E-E0E7F8498C42} = {C4CBFC99-FCBC-4BCA-A8EE-015FA0693B1D}
		{AE57F2DD-1188-436D-BE19-29C7B15C73E7} = {C4CBFC99-FCBC-4BCA-A8EE-015FA0693B1D}
		{D0AF5399-298B-4C53-8834-91A6F20E7619} = {C4CBFC99-FCBC-4BCA-A8EE-015FA0693B1D}
		{1D5C9A83-B455-4631-974B-CE9FE2DFF243} = {C4CBFC99-FCBC-4BCA-A8EE-015FA0693B1D}
		{C040466E-5CBF-406D-9739-985F247AA4EF} = {C4CBFC99-FCBC-4BCA-A8EE-015FA0693B1D}
		{DAFBA4B2-486D-4650-8639-051684F6EAB3} = {C4CBFC99-FCBC-4BCA-A8EE-015FA0693B1D}
		{1DA759E0-D551-4A64-941A-43989C324324} = {C4CBFC99-FCBC-4BCA-A8EE-015FA0693B1D}
		{6FE23802-456E-4CDB-9EAB-B511382DA6DA} = {C4CBFC99-FCBC-4BCA-A8EE-015FA0693B1D}
	EndGlobalSection
	GlobalSection(ExtensibilityGlobals) = postSolution
		SolutionGuid = {E47FE49C-F947-4823-BBBB-7146B1D23F42}
	EndGlobalSection
EndGlobal
